
Microsoft Visual Studio Solution File, Format Version 12.00
Project("{FAE04EC0-301F-11D3-BF4B-00C04F79EFBC}") = "FluentAPI", "FluentAPI.csproj", "{61C325CF-626D-49AB-A3F2-8BBE514EC835}"
EndProject
Global
	GlobalSection(SolutionConfigurationPlatforms) = preSolution
		Debug|Any CPU = Debug|Any CPU
		Release|Any CPU = Release|Any CPU
	EndGlobalSection
	GlobalSection(ProjectConfigurationPlatforms) = postSolution
		{61C325CF-626D-49AB-A3F2-8BBE514EC835}.Debug|Any CPU.ActiveCfg = Debug|Any CPU
		{61C325CF-626D-49AB-A3F2-8BBE514EC835}.Debug|Any CPU.Build.0 = Debug|Any CPU
		{61C325CF-626D-49AB-A3F2-8BBE514EC835}.Release|Any CPU.ActiveCfg = Release|Any CPU
		{61C325CF-626D-49AB-A3F2-8BBE514EC835}.Release|Any CPU.Build.0 = Release|Any CPU
	EndGlobalSection
EndGlobal
